
Microsoft Visual Studio Solution File, Format Version 12.00
# Visual Studio Version 16
VisualStudioVersion = 16.0.31105.61
MinimumVisualStudioVersion = 10.0.40219.1
Project("{FAE04EC0-301F-11D3-BF4B-00C04F79EFBC}") = "DistanceApp", "DistanceApp\DistanceApp.csproj", "{3DF69D1C-084A-4799-8E28-F43EEB247A04}"
EndProject
Global
	GlobalSection(SolutionConfigurationPlatforms) = preSolution
		Debug|Any CPU = Debug|Any CPU
		Release|Any CPU = Release|Any CPU
	EndGlobalSection
	GlobalSection(ProjectConfigurationPlatforms) = postSolution
		{3DF69D1C-084A-4799-8E28-F43EEB247A04}.Debug|Any CPU.ActiveCfg = Debug|Any CPU
		{3DF69D1C-084A-4799-8E28-F43EEB247A04}.Debug|Any CPU.Build.0 = Debug|Any CPU
		{3DF69D1C-084A-4799-8E28-F43EEB247A04}.Release|Any CPU.ActiveCfg = Release|Any CPU
		{3DF69D1C-084A-4799-8E28-F43EEB247A04}.Release|Any CPU.Build.0 = Release|Any CPU
	EndGlobalSection
	GlobalSection(SolutionProperties) = preSolution
		HideSolutionNode = FALSE
	EndGlobalSection
	GlobalSection(ExtensibilityGlobals) = postSolution
		SolutionGuid = {5F3C0A74-722D-4A5E-92D4-FC2F1DB71357}
	EndGlobalSection
EndGlobal
